// !$*UTF8*$!
{
	archiveVersion = 1;
	classes = {
	};
	objectVersion = 46;
	objects = {

/* Begin PBXBuildFile section */
		6287319A1D59637B00FC21CD /* AppDelegate.swift in Sources */ = {isa = PBXBuildFile; fileRef = 628731991D59637B00FC21CD /* AppDelegate.swift */; };
		6287319C1D59637B00FC21CD /* ViewController.swift in Sources */ = {isa = PBXBuildFile; fileRef = 6287319B1D59637B00FC21CD /* ViewController.swift */; };
		6287319F1D59637B00FC21CD /* Main.storyboard in Resources */ = {isa = PBXBuildFile; fileRef = 6287319D1D59637B00FC21CD /* Main.storyboard */; };
		628731A21D59637C00FC21CD /* Recipezz.xcdatamodeld in Sources */ = {isa = PBXBuildFile; fileRef = 628731A01D59637C00FC21CD /* Recipezz.xcdatamodeld */; };
		628731A41D59637C00FC21CD /* Assets.xcassets in Resources */ = {isa = PBXBuildFile; fileRef = 628731A31D59637C00FC21CD /* Assets.xcassets */; };
		628731A71D59637C00FC21CD /* LaunchScreen.storyboard in Resources */ = {isa = PBXBuildFile; fileRef = 628731A51D59637C00FC21CD /* LaunchScreen.storyboard */; };
		628731B31D5974F600FC21CD /* Recipe+CoreDataProperties.swift in Sources */ = {isa = PBXBuildFile; fileRef = 628731B11D5974F600FC21CD /* Recipe+CoreDataProperties.swift */; };
		628731B41D5974F600FC21CD /* Recipe.swift in Sources */ = {isa = PBXBuildFile; fileRef = 628731B21D5974F600FC21CD /* Recipe.swift */; };
		628731B61D597AF800FC21CD /* RecipeCell.swift in Sources */ = {isa = PBXBuildFile; fileRef = 628731B51D597AF800FC21CD /* RecipeCell.swift */; };
		628731B81D59958C00FC21CD /* CreateRecipeVC.swift in Sources */ = {isa = PBXBuildFile; fileRef = 628731B71D59958C00FC21CD /* CreateRecipeVC.swift */; };
/* End PBXBuildFile section */

/* Begin PBXFileReference section */
		628731961D59637B00FC21CD /* Recipezz.app */ = {isa = PBXFileReference; explicitFileType = wrapper.application; includeInIndex = 0; path = Recipezz.app; sourceTree = BUILT_PRODUCTS_DIR; };
		628731991D59637B00FC21CD /* AppDelegate.swift */ = {isa = PBXFileReference; lastKnownFileType = sourcecode.swift; path = AppDelegate.swift; sourceTree = "<group>"; };
		6287319B1D59637B00FC21CD /* ViewController.swift */ = {isa = PBXFileReference; lastKnownFileType = sourcecode.swift; path = ViewController.swift; sourceTree = "<group>"; };
		6287319E1D59637B00FC21CD /* Base */ = {isa = PBXFileReference; lastKnownFileType = file.storyboard; name = Base; path = Base.lproj/Main.storyboard; sourceTree = "<group>"; };
		628731A11D59637C00FC21CD /* Recipezz.xcdatamodel */ = {isa = PBXFileReference; lastKnownFileType = wrapper.xcdatamodel; path = Recipezz.xcdatamodel; sourceTree = "<group>"; };
		628731A31D59637C00FC21CD /* Assets.xcassets */ = {isa = PBXFileReference; lastKnownFileType = folder.assetcatalog; path = Assets.xcassets; sourceTree = "<group>"; };
		628731A61D59637C00FC21CD /* Base */ = {isa = PBXFileReference; lastKnownFileType = file.storyboard; name = Base; path = Base.lproj/LaunchScreen.storyboard; sourceTree = "<group>"; };
		628731A81D59637C00FC21CD /* Info.plist */ = {isa = PBXFileReference; lastKnownFileType = text.plist.xml; path = Info.plist; sourceTree = "<group>"; };
		628731B11D5974F600FC21CD /* Recipe+CoreDataProperties.swift */ = {isa = PBXFileReference; fileEncoding = 4; lastKnownFileType = sourcecode.swift; name = "Recipe+CoreDataProperties.swift"; path = "../Recipe+CoreDataProperties.swift"; sourceTree = "<group>"; };
		628731B21D5974F600FC21CD /* Recipe.swift */ = {isa = PBXFileReference; fileEncoding = 4; lastKnownFileType = sourcecode.swift; name = Recipe.swift; path = ../Recipe.swift; sourceTree = "<group>"; };
		628731B51D597AF800FC21CD /* RecipeCell.swift */ = {isa = PBXFileReference; fileEncoding = 4; lastKnownFileType = sourcecode.swift; path = RecipeCell.swift; sourceTree = "<group>"; };
		628731B71D59958C00FC21CD /* CreateRecipeVC.swift */ = {isa = PBXFileReference; fileEncoding = 4; lastKnownFileType = sourcecode.swift; path = CreateRecipeVC.swift; sourceTree = "<group>"; };
/* End PBXFileReference section */

/* Begin PBXFrameworksBuildPhase section */
		628731931D59637B00FC21CD /* Frameworks */ = {
			isa = PBXFrameworksBuildPhase;
			buildActionMask = 2147483647;
			files = (
			);
			runOnlyForDeploymentPostprocessing = 0;
		};
/* End PBXFrameworksBuildPhase section */

/* Begin PBXGroup section */
		6287318D1D59637B00FC21CD = {
			isa = PBXGroup;
			children = (
				628731981D59637B00FC21CD /* Recipezz */,
				628731971D59637B00FC21CD /* Products */,
			);
			sourceTree = "<group>";
		};
		628731971D59637B00FC21CD /* Products */ = {
			isa = PBXGroup;
			children = (
				628731961D59637B00FC21CD /* Recipezz.app */,
			);
			name = Products;
			sourceTree = "<group>";
		};
		628731981D59637B00FC21CD /* Recipezz */ = {
			isa = PBXGroup;
			children = (
				628731B01D59747400FC21CD /* Controller */,
				628731AF1D59746E00FC21CD /* View */,
				628731AE1D59746700FC21CD /* Model */,
				628731991D59637B00FC21CD /* AppDelegate.swift */,
				6287319D1D59637B00FC21CD /* Main.storyboard */,
				628731A31D59637C00FC21CD /* Assets.xcassets */,
				628731A51D59637C00FC21CD /* LaunchScreen.storyboard */,
				628731A81D59637C00FC21CD /* Info.plist */,
				628731A01D59637C00FC21CD /* Recipezz.xcdatamodeld */,
			);
			path = Recipezz;
			sourceTree = "<group>";
		};
		628731AE1D59746700FC21CD /* Model */ = {
			isa = PBXGroup;
			children = (
				628731B11D5974F600FC21CD /* Recipe+CoreDataProperties.swift */,
				628731B21D5974F600FC21CD /* Recipe.swift */,
			);
			name = Model;
			sourceTree = "<group>";
		};
		628731AF1D59746E00FC21CD /* View */ = {
			isa = PBXGroup;
			children = (
				628731B51D597AF800FC21CD /* RecipeCell.swift */,
			);
			name = View;
			sourceTree = "<group>";
		};
		628731B01D59747400FC21CD /* Controller */ = {
			isa = PBXGroup;
			children = (
				6287319B1D59637B00FC21CD /* ViewController.swift */,
				628731B71D59958C00FC21CD /* CreateRecipeVC.swift */,
			);
			name = Controller;
			sourceTree = "<group>";
		};
/* End PBXGroup section */

/* Begin PBXNativeTarget section */
		628731951D59637B00FC21CD /* Recipezz */ = {
			isa = PBXNativeTarget;
			buildConfigurationList = 628731AB1D59637C00FC21CD /* Build configuration list for PBXNativeTarget "Recipezz" */;
			buildPhases = (
				628731921D59637B00FC21CD /* Sources */,
				628731931D59637B00FC21CD /* Frameworks */,
				628731941D59637B00FC21CD /* Resources */,
			);
			buildRules = (
			);
			dependencies = (
			);
			name = Recipezz;
			productName = Recipezz;
			productReference = 628731961D59637B00FC21CD /* Recipezz.app */;
			productType = "com.apple.product-type.application";
		};
/* End PBXNativeTarget section */

/* Begin PBXProject section */
		6287318E1D59637B00FC21CD /* Project object */ = {
			isa = PBXProject;
			attributes = {
				LastSwiftUpdateCheck = 0730;
				LastUpgradeCheck = 0730;
				ORGANIZATIONNAME = "Vandan Patel";
				TargetAttributes = {
					628731951D59637B00FC21CD = {
						CreatedOnToolsVersion = 7.3.1;
					};
				};
			};
			buildConfigurationList = 628731911D59637B00FC21CD /* Build configuration list for PBXProject "Recipezz" */;
			compatibilityVersion = "Xcode 3.2";
			developmentRegion = English;
			hasScannedForEncodings = 0;
			knownRegions = (
				en,
				Base,
			);
			mainGroup = 6287318D1D59637B00FC21CD;
			productRefGroup = 628731971D59637B00FC21CD /* Products */;
			projectDirPath = "";
			projectRoot = "";
			targets = (
				628731951D59637B00FC21CD /* Recipezz */,
			);
		};
/* End PBXProject section */

/* Begin PBXResourcesBuildPhase section */
		628731941D59637B00FC21CD /* Resources */ = {
			isa = PBXResourcesBuildPhase;
			buildActionMask = 2147483647;
			files = (
				628731A71D59637C00FC21CD /* LaunchScreen.storyboard in Resources */,
				628731A41D59637C00FC21CD /* Assets.xcassets in Resources */,
				6287319F1D59637B00FC21CD /* Main.storyboard in Resources */,
			);
			runOnlyForDeploymentPostprocessing = 0;
		};
/* End PBXResourcesBuildPhase section */

/* Begin PBXSourcesBuildPhase section */
		628731921D59637B00FC21CD /* Sources */ = {
			isa = PBXSourcesBuildPhase;
			buildActionMask = 2147483647;
			files = (
				628731A21D59637C00FC21CD /* Recipezz.xcdatamodeld in Sources */,
				628731B31D5974F600FC21CD /* Recipe+CoreDataProperties.swift in Sources */,
				6287319C1D59637B00FC21CD /* ViewController.swift in Sources */,
				628731B61D597AF800FC21CD /* RecipeCell.swift in Sources */,
				628731B81D59958C00FC21CD /* CreateRecipeVC.swift in Sources */,
				6287319A1D59637B00FC21CD /* AppDelegate.swift in Sources */,
				628731B41D5974F600FC21CD /* Recipe.swift in Sources */,
			);
			runOnlyForDeploymentPostprocessing = 0;
		};
/* End PBXSourcesBuildPhase section */

/* Begin PBXVariantGroup section */
		6287319D1D59637B00FC21CD /* Main.storyboard */ = {
			isa = PBXVariantGroup;
			children = (
				6287319E1D59637B00FC21CD /* Base */,
			);
			name = Main.storyboard;
			sourceTree = "<group>";
		};
		628731A51D59637C00FC21CD /* LaunchScreen.storyboard */ = {
			isa = PBXVariantGroup;
			children = (
				628731A61D59637C00FC21CD /* Base */,
			);
			name = LaunchScreen.storyboard;
			sourceTree = "<group>";
		};
/* End PBXVariantGroup section */

/* Begin XCBuildConfiguration section */
		628731A91D59637C00FC21CD /* Debug */ = {
			isa = XCBuildConfiguration;
			buildSettings = {
				ALWAYS_SEARCH_USER_PATHS = NO;
				CLANG_ANALYZER_NONNULL = YES;
				CLANG_CXX_LANGUAGE_STANDARD = "gnu++0x";
				CLANG_CXX_LIBRARY = "libc++";
				CLANG_ENABLE_MODULES = YES;
				CLANG_ENABLE_OBJC_ARC = YES;
				CLANG_WARN_BOOL_CONVERSION = YES;
				CLANG_WARN_CONSTANT_CONVERSION = YES;
				CLANG_WARN_DIRECT_OBJC_ISA_USAGE = YES_ERROR;
				CLANG_WARN_EMPTY_BODY = YES;
				CLANG_WARN_ENUM_CONVERSION = YES;
				CLANG_WARN_INT_CONVERSION = YES;
				CLANG_WARN_OBJC_ROOT_CLASS = YES_ERROR;
				CLANG_WARN_UNREACHABLE_CODE = YES;
				CLANG_WARN__DUPLICATE_METHOD_MATCH = YES;
				"CODE_SIGN_IDENTITY[sdk=iphoneos*]" = "iPhone Developer";
				COPY_PHASE_STRIP = NO;
				DEBUG_INFORMATION_FORMAT = dwarf;
				ENABLE_STRICT_OBJC_MSGSEND = YES;
				ENABLE_TESTABILITY = YES;
				GCC_C_LANGUAGE_STANDARD = gnu99;
				GCC_DYNAMIC_NO_PIC = NO;
				GCC_NO_COMMON_BLOCKS = YES;
				GCC_OPTIMIZATION_LEVEL = 0;
				GCC_PREPROCESSOR_DEFINITIONS = (
					"DEBUG=1",
					"$(inherited)",
				);
				GCC_WARN_64_TO_32_BIT_CONVERSION = YES;
				GCC_WARN_ABOUT_RETURN_TYPE = YES_ERROR;
				GCC_WARN_UNDECLARED_SELECTOR = YES;
				GCC_WARN_UNINITIALIZED_AUTOS = YES_AGGRESSIVE;
				GCC_WARN_UNUSED_FUNCTION = YES;
				GCC_WARN_UNUSED_VARIABLE = YES;
				IPHONEOS_DEPLOYMENT_TARGET = 9.3;
				MTL_ENABLE_DEBUG_INFO = YES;
				ONLY_ACTIVE_ARCH = YES;
				SDKROOT = iphoneos;
				SWIFT_OPTIMIZATION_LEVEL = "-Onone";
				TARGETED_DEVICE_FAMILY = "1,2";
			};
			name = Debug;
		};
		628731AA1D59637C00FC21CD /* Release */ = {
			isa = XCBuildConfiguration;
			buildSettings = {
				ALWAYS_SEARCH_USER_PATHS = NO;
				CLANG_ANALYZER_NONNULL = YES;
				CLANG_CXX_LANGUAGE_STANDARD = "gnu++0x";
				CLANG_CXX_LIBRARY = "libc++";
				CLANG_ENABLE_MODULES = YES;
				CLANG_ENABLE_OBJC_ARC = YES;
				CLANG_WARN_BOOL_CONVERSION = YES;
				CLANG_WARN_CONSTANT_CONVERSION = YES;
				CLANG_WARN_DIRECT_OBJC_ISA_USAGE = YES_ERROR;
				CLANG_WARN_EMPTY_BODY = YES;
				CLANG_WARN_ENUM_CONVERSION = YES;
				CLANG_WARN_INT_CONVERSION = YES;
				CLANG_WARN_OBJC_ROOT_CLASS = YES_ERROR;
				CLANG_WARN_UNREACHABLE_CODE = YES;
				CLANG_WARN__DUPLICATE_METHOD_MATCH = YES;
				"CODE_SIGN_IDENTITY[sdk=iphoneos*]" = "iPhone Developer";
				COPY_PHASE_STRIP = NO;
				DEBUG_INFORMATION_FORMAT = "dwarf-with-dsym";
				ENABLE_NS_ASSERTIONS = NO;
				ENABLE_STRICT_OBJC_MSGSEND = YES;
				GCC_C_LANGUAGE_STANDARD = gnu99;
				GCC_NO_COMMON_BLOCKS = YES;
				GCC_WARN_64_TO_32_BIT_CONVERSION = YES;
				GCC_WARN_ABOUT_RETURN_TYPE = YES_ERROR;
				GCC_WARN_UNDECLARED_SELECTOR = YES;
				GCC_WARN_UNINITIALIZED_AUTOS = YES_AGGRESSIVE;
				GCC_WARN_UNUSED_FUNCTION = YES;
				GCC_WARN_UNUSED_VARIABLE = YES;
				IPHONEOS_DEPLOYMENT_TARGET = 9.3;
				MTL_ENABLE_DEBUG_INFO = NO;
				SDKROOT = iphoneos;
				TARGETED_DEVICE_FAMILY = "1,2";
				VALIDATE_PRODUCT = YES;
			};
			name = Release;
		};
		628731AC1D59637C00FC21CD /* Debug */ = {
			isa = XCBuildConfiguration;
			buildSettings = {
				ASSETCATALOG_COMPILER_APPICON_NAME = AppIcon;
				INFOPLIST_FILE = Recipezz/Info.plist;
				LD_RUNPATH_SEARCH_PATHS = "$(inherited) @executable_path/Frameworks";
				PRODUCT_BUNDLE_IDENTIFIER = com.vandanpatel.Recipezz;
				PRODUCT_NAME = "$(TARGET_NAME)";
			};
			name = Debug;
		};
		628731AD1D59637C00FC21CD /* Release */ = {
			isa = XCBuildConfiguration;
			buildSettings = {
				ASSETCATALOG_COMPILER_APPICON_NAME = AppIcon;
				INFOPLIST_FILE = Recipezz/Info.plist;
				LD_RUNPATH_SEARCH_PATHS = "$(inherited) @executable_path/Frameworks";
				PRODUCT_BUNDLE_IDENTIFIER = com.vandanpatel.Recipezz;
				PRODUCT_NAME = "$(TARGET_NAME)";
			};
			name = Release;
		};
/* End XCBuildConfiguration section */

/* Begin XCConfigurationList section */
		628731911D59637B00FC21CD /* Build configuration list for PBXProject "Recipezz" */ = {
			isa = XCConfigurationList;
			buildConfigurations = (
				628731A91D59637C00FC21CD /* Debug */,
				628731AA1D59637C00FC21CD /* Release */,
			);
			defaultConfigurationIsVisible = 0;
			defaultConfigurationName = Release;
		};
		628731AB1D59637C00FC21CD /* Build configuration list for PBXNativeTarget "Recipezz" */ = {
			isa = XCConfigurationList;
			buildConfigurations = (
				628731AC1D59637C00FC21CD /* Debug */,
				628731AD1D59637C00FC21CD /* Release */,
			);
			defaultConfigurationIsVisible = 0;
		};
/* End XCConfigurationList section */

/* Begin XCVersionGroup section */
		628731A01D59637C00FC21CD /* Recipezz.xcdatamodeld */ = {
			isa = XCVersionGroup;
			children = (
				628731A11D59637C00FC21CD /* Recipezz.xcdatamodel */,
			);
			currentVersion = 628731A11D59637C00FC21CD /* Recipezz.xcdatamodel */;
			path = Recipezz.xcdatamodeld;
			sourceTree = "<group>";
			versionGroupType = wrapper.xcdatamodel;
		};
/* End XCVersionGroup section */
	};
	rootObject = 6287318E1D59637B00FC21CD /* Project object */;
}
